
Microsoft Visual Studio Solution File, Format Version 12.00
Project("{FAE04EC0-301F-11D3-BF4B-00C04F79EFBC}") = "MPM-Betting.Aspire.AppHost", "MPM-Betting.Aspire\MPM-Betting.Aspire.AppHost\MPM-Betting.Aspire.AppHost.csproj", "{D9D02921-A8CF-485E-8F5E-3A1606C11B77}"
EndProject
Project("{FAE04EC0-301F-11D3-BF4B-00C04F79EFBC}") = "MPM-Betting.Aspire.ServiceDefaults", "MPM-Betting.Aspire\MPM-Betting.Aspire.ServiceDefaults\MPM-Betting.Aspire.ServiceDefaults.csproj", "{DED63443-6AAA-404D-9E47-CC5A6DA89F0E}"
EndProject
Project("{FAE04EC0-301F-11D3-BF4B-00C04F79EFBC}") = "MPM-Betting.DataModel", "MPM-Betting.DataModel\MPM-Betting.DataModel.csproj", "{0332508D-368E-4E37-AA05-EF9745F1618A}"
EndProject
Project("{FAE04EC0-301F-11D3-BF4B-00C04F79EFBC}") = "MPM-Betting.Api", "MPM-Betting.Api\MPM-Betting.Api.csproj", "{43046453-3D9B-401D-9978-4A995AA0CD4C}"
EndProject
Project("{FAE04EC0-301F-11D3-BF4B-00C04F79EFBC}") = "MPM-Betting.Blazor", "MPM-Betting.Blazor\MPM-Betting.Blazor.csproj", "{91C5EB9E-E355-4BE7-BAD7-E971C245F9F0}"
EndProject
Project("{FAE04EC0-301F-11D3-BF4B-00C04F79EFBC}") = "MPM-Betting.UnitTests", "MPM-Betting.UnitTests\MPM-Betting.UnitTests.csproj", "{EDEFF6B9-81D6-48F9-BA55-2B41B5FC840D}"
EndProject
Project("{FAE04EC0-301F-11D3-BF4B-00C04F79EFBC}") = "MPM-Betting.Blazor.Components", "MPM-Betting.Blazor.Components\MPM-Betting.Blazor.Components.csproj", "{670CE4C7-1A4A-4942-83EE-EF75B040DE39}"
EndProject
Project("{FAE04EC0-301F-11D3-BF4B-00C04F79EFBC}") = "MPM-Betting.Services", "MPM-Betting.Services\MPM-Betting.Services.csproj", "{065B9F53-71ED-4AC6-BB19-D26775C8A75D}"
EndProject
Project("{FAE04EC0-301F-11D3-BF4B-00C04F79EFBC}") = "MPM-Betting.Scraper", "MPM-Betting.Scraper\MPM-Betting.Scraper.csproj", "{C0CF3C3C-D1FC-4C36-937A-8BAD17A7BDC8}"
EndProject
Project("{FAE04EC0-301F-11D3-BF4B-00C04F79EFBC}") = "MPM-Betting.Functions", "MPM-Betting.Functions\MPM-Betting.Functions.csproj", "{13A5AD15-865C-4196-BC6C-4F344F4D1090}"
EndProject
Project("{2150E333-8FDC-42A3-9474-1A3956D46DE8}") = "Tests", "Tests", "{B92B96AC-3525-4D49-80B1-2515E6C6043A}"
EndProject
Project("{2150E333-8FDC-42A3-9474-1A3956D46DE8}") = "Web", "Web", "{B95CB001-C76D-4533-AB49-4399DA6AE47E}"
EndProject
Project("{2150E333-8FDC-42A3-9474-1A3956D46DE8}") = "Data", "Data", "{926ECAC1-EC1F-4618-A034-116560E9E653}"
EndProject
Project("{FAE04EC0-301F-11D3-BF4B-00C04F79EFBC}") = "MPM-Betting.DbManager", "MPM-Betting.DbManager\MPM-Betting.DbManager.csproj", "{B5DC89FA-1AC3-4910-81AE-15E8B7F0D92D}"
EndProject
Global
	GlobalSection(SolutionConfigurationPlatforms) = preSolution
		Debug|Any CPU = Debug|Any CPU
		Release|Any CPU = Release|Any CPU
	EndGlobalSection
	GlobalSection(ProjectConfigurationPlatforms) = postSolution
		{D9D02921-A8CF-485E-8F5E-3A1606C11B77}.Debug|Any CPU.ActiveCfg = Debug|Any CPU
		{D9D02921-A8CF-485E-8F5E-3A1606C11B77}.Debug|Any CPU.Build.0 = Debug|Any CPU
		{D9D02921-A8CF-485E-8F5E-3A1606C11B77}.Release|Any CPU.ActiveCfg = Release|Any CPU
		{D9D02921-A8CF-485E-8F5E-3A1606C11B77}.Release|Any CPU.Build.0 = Release|Any CPU
		{DED63443-6AAA-404D-9E47-CC5A6DA89F0E}.Debug|Any CPU.ActiveCfg = Debug|Any CPU
		{DED63443-6AAA-404D-9E47-CC5A6DA89F0E}.Debug|Any CPU.Build.0 = Debug|Any CPU
		{DED63443-6AAA-404D-9E47-CC5A6DA89F0E}.Release|Any CPU.ActiveCfg = Release|Any CPU
		{DED63443-6AAA-404D-9E47-CC5A6DA89F0E}.Release|Any CPU.Build.0 = Release|Any CPU
		{0332508D-368E-4E37-AA05-EF9745F1618A}.Debug|Any CPU.ActiveCfg = Debug|Any CPU
		{0332508D-368E-4E37-AA05-EF9745F1618A}.Debug|Any CPU.Build.0 = Debug|Any CPU
		{0332508D-368E-4E37-AA05-EF9745F1618A}.Release|Any CPU.ActiveCfg = Release|Any CPU
		{0332508D-368E-4E37-AA05-EF9745F1618A}.Release|Any CPU.Build.0 = Release|Any CPU
		{43046453-3D9B-401D-9978-4A995AA0CD4C}.Debug|Any CPU.ActiveCfg = Debug|Any CPU
		{43046453-3D9B-401D-9978-4A995AA0CD4C}.Debug|Any CPU.Build.0 = Debug|Any CPU
		{43046453-3D9B-401D-9978-4A995AA0CD4C}.Release|Any CPU.ActiveCfg = Release|Any CPU
		{43046453-3D9B-401D-9978-4A995AA0CD4C}.Release|Any CPU.Build.0 = Release|Any CPU
		{91C5EB9E-E355-4BE7-BAD7-E971C245F9F0}.Debug|Any CPU.ActiveCfg = Debug|Any CPU
		{91C5EB9E-E355-4BE7-BAD7-E971C245F9F0}.Debug|Any CPU.Build.0 = Debug|Any CPU
		{91C5EB9E-E355-4BE7-BAD7-E971C245F9F0}.Release|Any CPU.ActiveCfg = Release|Any CPU
		{91C5EB9E-E355-4BE7-BAD7-E971C245F9F0}.Release|Any CPU.Build.0 = Release|Any CPU
		{EDEFF6B9-81D6-48F9-BA55-2B41B5FC840D}.Debug|Any CPU.ActiveCfg = Debug|Any CPU
		{EDEFF6B9-81D6-48F9-BA55-2B41B5FC840D}.Debug|Any CPU.Build.0 = Debug|Any CPU
		{EDEFF6B9-81D6-48F9-BA55-2B41B5FC840D}.Release|Any CPU.ActiveCfg = Release|Any CPU
		{EDEFF6B9-81D6-48F9-BA55-2B41B5FC840D}.Release|Any CPU.Build.0 = Release|Any CPU
		{670CE4C7-1A4A-4942-83EE-EF75B040DE39}.Debug|Any CPU.ActiveCfg = Debug|Any CPU
		{670CE4C7-1A4A-4942-83EE-EF75B040DE39}.Debug|Any CPU.Build.0 = Debug|Any CPU
		{670CE4C7-1A4A-4942-83EE-EF75B040DE39}.Release|Any CPU.ActiveCfg = Release|Any CPU
		{670CE4C7-1A4A-4942-83EE-EF75B040DE39}.Release|Any CPU.Build.0 = Release|Any CPU
		{065B9F53-71ED-4AC6-BB19-D26775C8A75D}.Debug|Any CPU.ActiveCfg = Debug|Any CPU
		{065B9F53-71ED-4AC6-BB19-D26775C8A75D}.Debug|Any CPU.Build.0 = Debug|Any CPU
		{065B9F53-71ED-4AC6-BB19-D26775C8A75D}.Release|Any CPU.ActiveCfg = Release|Any CPU
		{065B9F53-71ED-4AC6-BB19-D26775C8A75D}.Release|Any CPU.Build.0 = Release|Any CPU
		{C0CF3C3C-D1FC-4C36-937A-8BAD17A7BDC8}.Debug|Any CPU.ActiveCfg = Debug|Any CPU
		{C0CF3C3C-D1FC-4C36-937A-8BAD17A7BDC8}.Debug|Any CPU.Build.0 = Debug|Any CPU
		{C0CF3C3C-D1FC-4C36-937A-8BAD17A7BDC8}.Release|Any CPU.ActiveCfg = Release|Any CPU
		{C0CF3C3C-D1FC-4C36-937A-8BAD17A7BDC8}.Release|Any CPU.Build.0 = Release|Any CPU
		{13A5AD15-865C-4196-BC6C-4F344F4D1090}.Debug|Any CPU.ActiveCfg = Debug|Any CPU
		{13A5AD15-865C-4196-BC6C-4F344F4D1090}.Debug|Any CPU.Build.0 = Debug|Any CPU
		{13A5AD15-865C-4196-BC6C-4F344F4D1090}.Release|Any CPU.ActiveCfg = Release|Any CPU
		{13A5AD15-865C-4196-BC6C-4F344F4D1090}.Release|Any CPU.Build.0 = Release|Any CPU
		{B5DC89FA-1AC3-4910-81AE-15E8B7F0D92D}.Debug|Any CPU.ActiveCfg = Debug|Any CPU
		{B5DC89FA-1AC3-4910-81AE-15E8B7F0D92D}.Debug|Any CPU.Build.0 = Debug|Any CPU
		{B5DC89FA-1AC3-4910-81AE-15E8B7F0D92D}.Release|Any CPU.ActiveCfg = Release|Any CPU
		{B5DC89FA-1AC3-4910-81AE-15E8B7F0D92D}.Release|Any CPU.Build.0 = Release|Any CPU
	EndGlobalSection
	GlobalSection(NestedProjects) = preSolution
		{EDEFF6B9-81D6-48F9-BA55-2B41B5FC840D} = {B92B96AC-3525-4D49-80B1-2515E6C6043A}
		{91C5EB9E-E355-4BE7-BAD7-E971C245F9F0} = {B95CB001-C76D-4533-AB49-4399DA6AE47E}
		{670CE4C7-1A4A-4942-83EE-EF75B040DE39} = {B95CB001-C76D-4533-AB49-4399DA6AE47E}
		{D9D02921-A8CF-485E-8F5E-3A1606C11B77} = {B95CB001-C76D-4533-AB49-4399DA6AE47E}
		{DED63443-6AAA-404D-9E47-CC5A6DA89F0E} = {B95CB001-C76D-4533-AB49-4399DA6AE47E}
		{43046453-3D9B-401D-9978-4A995AA0CD4C} = {B95CB001-C76D-4533-AB49-4399DA6AE47E}
		{0332508D-368E-4E37-AA05-EF9745F1618A} = {926ECAC1-EC1F-4618-A034-116560E9E653}
		{C0CF3C3C-D1FC-4C36-937A-8BAD17A7BDC8} = {926ECAC1-EC1F-4618-A034-116560E9E653}
		{065B9F53-71ED-4AC6-BB19-D26775C8A75D} = {B95CB001-C76D-4533-AB49-4399DA6AE47E}
		{13A5AD15-865C-4196-BC6C-4F344F4D1090} = {B95CB001-C76D-4533-AB49-4399DA6AE47E}
		{B5DC89FA-1AC3-4910-81AE-15E8B7F0D92D} = {926ECAC1-EC1F-4618-A034-116560E9E653}
	EndGlobalSection
EndGlobal
